
Microsoft Visual Studio Solution File, Format Version 12.00
# Visual Studio Version 16
VisualStudioVersion = 16.0.30804.86
MinimumVisualStudioVersion = 10.0.40219.1
Project("{FAE04EC0-301F-11D3-BF4B-00C04F79EFBC}") = "RestWithASP.NET5u", "RestWithASP.NET5u\RestWithASP.NET5u.csproj", "{64E4D8CE-AEA6-4EF9-A6A3-E7BE29EFE32D}"
EndProject
Global
	GlobalSection(SolutionConfigurationPlatforms) = preSolution
		Debug|Any CPU = Debug|Any CPU
		Release|Any CPU = Release|Any CPU
	EndGlobalSection
	GlobalSection(ProjectConfigurationPlatforms) = postSolution
		{64E4D8CE-AEA6-4EF9-A6A3-E7BE29EFE32D}.Debug|Any CPU.ActiveCfg = Debug|Any CPU
		{64E4D8CE-AEA6-4EF9-A6A3-E7BE29EFE32D}.Debug|Any CPU.Build.0 = Debug|Any CPU
		{64E4D8CE-AEA6-4EF9-A6A3-E7BE29EFE32D}.Release|Any CPU.ActiveCfg = Release|Any CPU
		{64E4D8CE-AEA6-4EF9-A6A3-E7BE29EFE32D}.Release|Any CPU.Build.0 = Release|Any CPU
	EndGlobalSection
	GlobalSection(SolutionProperties) = preSolution
		HideSolutionNode = FALSE
	EndGlobalSection
	GlobalSection(ExtensibilityGlobals) = postSolution
		SolutionGuid = {2FDBA364-8475-4793-BC1B-7C3A6450D890}
	EndGlobalSection
EndGlobal
